
Microsoft Visual Studio Solution File, Format Version 12.00
# Visual Studio Version 17
VisualStudioVersion = 17.11.35222.181
MinimumVisualStudioVersion = 10.0.40219.1
Project("{FAE04EC0-301F-11D3-BF4B-00C04F79EFBC}") = "CarpoolAPI", "CarpoolAPI.csproj", "{1E809956-9456-4AD8-81A7-5FCBEE6BB4D5}"
EndProject
Global
	GlobalSection(SolutionConfigurationPlatforms) = preSolution
		Debug|Any CPU = Debug|Any CPU
		Release|Any CPU = Release|Any CPU
	EndGlobalSection
	GlobalSection(ProjectConfigurationPlatforms) = postSolution
		{1E809956-9456-4AD8-81A7-5FCBEE6BB4D5}.Debug|Any CPU.ActiveCfg = Debug|Any CPU
		{1E809956-9456-4AD8-81A7-5FCBEE6BB4D5}.Debug|Any CPU.Build.0 = Debug|Any CPU
		{1E809956-9456-4AD8-81A7-5FCBEE6BB4D5}.Release|Any CPU.ActiveCfg = Release|Any CPU
		{1E809956-9456-4AD8-81A7-5FCBEE6BB4D5}.Release|Any CPU.Build.0 = Release|Any CPU
	EndGlobalSection
	GlobalSection(SolutionProperties) = preSolution
		HideSolutionNode = FALSE
	EndGlobalSection
	GlobalSection(ExtensibilityGlobals) = postSolution
		SolutionGuid = {3FA07194-E1BF-40E3-AF7D-2E0BC521BDBD}
	EndGlobalSection
EndGlobal
